// !$*UTF8*$!
{
	archiveVersion = 1;
	classes = {
	};
	objectVersion = 46;
	objects = {

/* Begin PBXBuildFile section */
		7E7E10261C65555B0001E5C4 /* SHStoreCell.swift in Sources */ = {isa = PBXBuildFile; fileRef = 7E7E10251C65555B0001E5C4 /* SHStoreCell.swift */; };
		7E7E10281C65ACB90001E5C4 /* QuartzCore.framework in Frameworks */ = {isa = PBXBuildFile; fileRef = 7E7E10271C65ACB90001E5C4 /* QuartzCore.framework */; };
		7E82C7F71C65C75000304E22 /* SHCollectionView.swift in Sources */ = {isa = PBXBuildFile; fileRef = 7E82C7F61C65C75000304E22 /* SHCollectionView.swift */; };
		7E92590F1C61B65200F7F622 /* AppDelegate.swift in Sources */ = {isa = PBXBuildFile; fileRef = 7E92590E1C61B65200F7F622 /* AppDelegate.swift */; };
		7E9259111C61B65200F7F622 /* ViewController.swift in Sources */ = {isa = PBXBuildFile; fileRef = 7E9259101C61B65200F7F622 /* ViewController.swift */; };
		7E9259141C61B65200F7F622 /* Main.storyboard in Resources */ = {isa = PBXBuildFile; fileRef = 7E9259121C61B65200F7F622 /* Main.storyboard */; };
		7E9259171C61B65200F7F622 /* Syllo.xcdatamodeld in Sources */ = {isa = PBXBuildFile; fileRef = 7E9259151C61B65200F7F622 /* Syllo.xcdatamodeld */; };
		7E9259191C61B65200F7F622 /* Assets.xcassets in Resources */ = {isa = PBXBuildFile; fileRef = 7E9259181C61B65200F7F622 /* Assets.xcassets */; };
		7E92591C1C61B65200F7F622 /* LaunchScreen.storyboard in Resources */ = {isa = PBXBuildFile; fileRef = 7E92591A1C61B65200F7F622 /* LaunchScreen.storyboard */; };
		7E9259271C61B65200F7F622 /* SylloTests.swift in Sources */ = {isa = PBXBuildFile; fileRef = 7E9259261C61B65200F7F622 /* SylloTests.swift */; };
		7E9259321C61B65200F7F622 /* SylloUITests.swift in Sources */ = {isa = PBXBuildFile; fileRef = 7E9259311C61B65200F7F622 /* SylloUITests.swift */; };
		7E9259471C61BA6A00F7F622 /* SHTabHomePage.swift in Sources */ = {isa = PBXBuildFile; fileRef = 7E9259461C61BA6A00F7F622 /* SHTabHomePage.swift */; };
		7E9259491C61BA9600F7F622 /* SHTabShowPage.swift in Sources */ = {isa = PBXBuildFile; fileRef = 7E9259481C61BA9600F7F622 /* SHTabShowPage.swift */; };
		7E92594E1C61BBE900F7F622 /* SHCommonSetting.swift in Sources */ = {isa = PBXBuildFile; fileRef = 7E92594D1C61BBE900F7F622 /* SHCommonSetting.swift */; };
		7E9259511C61BD6700F7F622 /* SHMainFrame.swift in Sources */ = {isa = PBXBuildFile; fileRef = 7E9259501C61BD6700F7F622 /* SHMainFrame.swift */; };
		7E9259581C61BE8D00F7F622 /* SHColor.swift in Sources */ = {isa = PBXBuildFile; fileRef = 7E9259571C61BE8D00F7F622 /* SHColor.swift */; };
		7E92595A1C61BF8A00F7F622 /* SHTabMePage.swift in Sources */ = {isa = PBXBuildFile; fileRef = 7E9259591C61BF8A00F7F622 /* SHTabMePage.swift */; };
		7EC849051C67D00B00A991FC /* SHStoreInfoView.swift in Sources */ = {isa = PBXBuildFile; fileRef = 7EC849041C67D00B00A991FC /* SHStoreInfoView.swift */; };
		7EC849071C67E82400A991FC /* SHStoreCardVIew.swift in Sources */ = {isa = PBXBuildFile; fileRef = 7EC849061C67E82400A991FC /* SHStoreCardVIew.swift */; };
		7EC849091C67EF6D00A991FC /* loblaws.jpg in Resources */ = {isa = PBXBuildFile; fileRef = 7EC849081C67EF6D00A991FC /* loblaws.jpg */; };
		7EC8490E1C67F4FC00A991FC /* dentist.jpg in Resources */ = {isa = PBXBuildFile; fileRef = 7EC8490A1C67F4FB00A991FC /* dentist.jpg */; };
		7EC8490F1C67F4FC00A991FC /* meijia.jpeg in Resources */ = {isa = PBXBuildFile; fileRef = 7EC8490B1C67F4FB00A991FC /* meijia.jpeg */; };
		7EC849101C67F4FC00A991FC /* shoppers.jpg in Resources */ = {isa = PBXBuildFile; fileRef = 7EC8490C1C67F4FB00A991FC /* shoppers.jpg */; };
		7EC849111C67F4FC00A991FC /* tatoo.jpg in Resources */ = {isa = PBXBuildFile; fileRef = 7EC8490D1C67F4FB00A991FC /* tatoo.jpg */; };
		CA4A22B0EAC934BFA58468F2 /* libPods.a in Frameworks */ = {isa = PBXBuildFile; fileRef = 31CAFE96EF6A7C6DBC4A5C16 /* libPods.a */; };
/* End PBXBuildFile section */

/* Begin PBXContainerItemProxy section */
		7E9259231C61B65200F7F622 /* PBXContainerItemProxy */ = {
			isa = PBXContainerItemProxy;
			containerPortal = 7E9259031C61B65200F7F622 /* Project object */;
			proxyType = 1;
			remoteGlobalIDString = 7E92590A1C61B65200F7F622;
			remoteInfo = Syllo;
		};
		7E92592E1C61B65200F7F622 /* PBXContainerItemProxy */ = {
			isa = PBXContainerItemProxy;
			containerPortal = 7E9259031C61B65200F7F622 /* Project object */;
			proxyType = 1;
			remoteGlobalIDString = 7E92590A1C61B65200F7F622;
			remoteInfo = Syllo;
		};
/* End PBXContainerItemProxy section */

/* Begin PBXFileReference section */
		31CAFE96EF6A7C6DBC4A5C16 /* libPods.a */ = {isa = PBXFileReference; explicitFileType = archive.ar; includeInIndex = 0; path = libPods.a; sourceTree = BUILT_PRODUCTS_DIR; };
		7E7E10221C654ECC0001E5C4 /* Syllo-Bridging-Header.h */ = {isa = PBXFileReference; lastKnownFileType = sourcecode.c.h; path = "Syllo-Bridging-Header.h"; sourceTree = "<group>"; };
		7E7E10251C65555B0001E5C4 /* SHStoreCell.swift */ = {isa = PBXFileReference; fileEncoding = 4; lastKnownFileType = sourcecode.swift; name = SHStoreCell.swift; path = UICode/UIHomePage/SHStoreCell.swift; sourceTree = "<group>"; };
		7E7E10271C65ACB90001E5C4 /* QuartzCore.framework */ = {isa = PBXFileReference; lastKnownFileType = wrapper.framework; name = QuartzCore.framework; path = System/Library/Frameworks/QuartzCore.framework; sourceTree = SDKROOT; };
		7E82C7F61C65C75000304E22 /* SHCollectionView.swift */ = {isa = PBXFileReference; fileEncoding = 4; lastKnownFileType = sourcecode.swift; name = SHCollectionView.swift; path = UICode/UIHomePage/SHCollectionView.swift; sourceTree = "<group>"; };
		7E92590B1C61B65200F7F622 /* Syllo.app */ = {isa = PBXFileReference; explicitFileType = wrapper.application; includeInIndex = 0; path = Syllo.app; sourceTree = BUILT_PRODUCTS_DIR; };
		7E92590E1C61B65200F7F622 /* AppDelegate.swift */ = {isa = PBXFileReference; lastKnownFileType = sourcecode.swift; path = AppDelegate.swift; sourceTree = "<group>"; };
		7E9259101C61B65200F7F622 /* ViewController.swift */ = {isa = PBXFileReference; lastKnownFileType = sourcecode.swift; path = ViewController.swift; sourceTree = "<group>"; };
		7E9259131C61B65200F7F622 /* Base */ = {isa = PBXFileReference; lastKnownFileType = file.storyboard; name = Base; path = Base.lproj/Main.storyboard; sourceTree = "<group>"; };
		7E9259161C61B65200F7F622 /* Syllo.xcdatamodel */ = {isa = PBXFileReference; lastKnownFileType = wrapper.xcdatamodel; path = Syllo.xcdatamodel; sourceTree = "<group>"; };
		7E9259181C61B65200F7F622 /* Assets.xcassets */ = {isa = PBXFileReference; lastKnownFileType = folder.assetcatalog; path = Assets.xcassets; sourceTree = "<group>"; };
		7E92591B1C61B65200F7F622 /* Base */ = {isa = PBXFileReference; lastKnownFileType = file.storyboard; name = Base; path = Base.lproj/LaunchScreen.storyboard; sourceTree = "<group>"; };
		7E92591D1C61B65200F7F622 /* Info.plist */ = {isa = PBXFileReference; lastKnownFileType = text.plist.xml; path = Info.plist; sourceTree = "<group>"; };
		7E9259221C61B65200F7F622 /* SylloTests.xctest */ = {isa = PBXFileReference; explicitFileType = wrapper.cfbundle; includeInIndex = 0; path = SylloTests.xctest; sourceTree = BUILT_PRODUCTS_DIR; };
		7E9259261C61B65200F7F622 /* SylloTests.swift */ = {isa = PBXFileReference; lastKnownFileType = sourcecode.swift; path = SylloTests.swift; sourceTree = "<group>"; };
		7E9259281C61B65200F7F622 /* Info.plist */ = {isa = PBXFileReference; lastKnownFileType = text.plist.xml; path = Info.plist; sourceTree = "<group>"; };
		7E92592D1C61B65200F7F622 /* SylloUITests.xctest */ = {isa = PBXFileReference; explicitFileType = wrapper.cfbundle; includeInIndex = 0; path = SylloUITests.xctest; sourceTree = BUILT_PRODUCTS_DIR; };
		7E9259311C61B65200F7F622 /* SylloUITests.swift */ = {isa = PBXFileReference; lastKnownFileType = sourcecode.swift; path = SylloUITests.swift; sourceTree = "<group>"; };
		7E9259331C61B65200F7F622 /* Info.plist */ = {isa = PBXFileReference; lastKnownFileType = text.plist.xml; path = Info.plist; sourceTree = "<group>"; };
		7E9259461C61BA6A00F7F622 /* SHTabHomePage.swift */ = {isa = PBXFileReference; fileEncoding = 4; lastKnownFileType = sourcecode.swift; name = SHTabHomePage.swift; path = UICode/UIHomePage/SHTabHomePage.swift; sourceTree = "<group>"; };
		7E9259481C61BA9600F7F622 /* SHTabShowPage.swift */ = {isa = PBXFileReference; fileEncoding = 4; lastKnownFileType = sourcecode.swift; name = SHTabShowPage.swift; path = UICode/UIShowPage/SHTabShowPage.swift; sourceTree = "<group>"; };
		7E92594D1C61BBE900F7F622 /* SHCommonSetting.swift */ = {isa = PBXFileReference; fileEncoding = 4; lastKnownFileType = sourcecode.swift; name = SHCommonSetting.swift; path = UICode/UICommonSetting/SHCommonSetting.swift; sourceTree = "<group>"; };
		7E9259501C61BD6700F7F622 /* SHMainFrame.swift */ = {isa = PBXFileReference; fileEncoding = 4; lastKnownFileType = sourcecode.swift; name = SHMainFrame.swift; path = UICode/UIMainFrame/SHMainFrame.swift; sourceTree = "<group>"; };
		7E9259571C61BE8D00F7F622 /* SHColor.swift */ = {isa = PBXFileReference; fileEncoding = 4; lastKnownFileType = sourcecode.swift; name = SHColor.swift; path = lib/SHColor.swift; sourceTree = "<group>"; };
		7E9259591C61BF8A00F7F622 /* SHTabMePage.swift */ = {isa = PBXFileReference; fileEncoding = 4; lastKnownFileType = sourcecode.swift; name = SHTabMePage.swift; path = UICode/UIMePage/SHTabMePage.swift; sourceTree = "<group>"; };
		7EC849041C67D00B00A991FC /* SHStoreInfoView.swift */ = {isa = PBXFileReference; fileEncoding = 4; lastKnownFileType = sourcecode.swift; name = SHStoreInfoView.swift; path = UICode/UIHomePage/SHStoreInfo/SHStoreInfoView.swift; sourceTree = "<group>"; };
		7EC849061C67E82400A991FC /* SHStoreCardVIew.swift */ = {isa = PBXFileReference; fileEncoding = 4; lastKnownFileType = sourcecode.swift; name = SHStoreCardVIew.swift; path = UICode/UIHomePage/SHStoreCardVIew.swift; sourceTree = "<group>"; };
		7EC849081C67EF6D00A991FC /* loblaws.jpg */ = {isa = PBXFileReference; lastKnownFileType = image.jpeg; path = loblaws.jpg; sourceTree = "<group>"; };
		7EC8490A1C67F4FB00A991FC /* dentist.jpg */ = {isa = PBXFileReference; lastKnownFileType = image.jpeg; path = dentist.jpg; sourceTree = "<group>"; };
		7EC8490B1C67F4FB00A991FC /* meijia.jpeg */ = {isa = PBXFileReference; lastKnownFileType = image.jpeg; path = meijia.jpeg; sourceTree = "<group>"; };
		7EC8490C1C67F4FB00A991FC /* shoppers.jpg */ = {isa = PBXFileReference; lastKnownFileType = image.jpeg; path = shoppers.jpg; sourceTree = "<group>"; };
		7EC8490D1C67F4FB00A991FC /* tatoo.jpg */ = {isa = PBXFileReference; lastKnownFileType = image.jpeg; path = tatoo.jpg; sourceTree = "<group>"; };
		A9AD473669A85336B621923E /* Pods.release.xcconfig */ = {isa = PBXFileReference; includeInIndex = 1; lastKnownFileType = text.xcconfig; name = Pods.release.xcconfig; path = "Pods/Target Support Files/Pods/Pods.release.xcconfig"; sourceTree = "<group>"; };
		BEF67004262A3F0F486A201F /* Pods.debug.xcconfig */ = {isa = PBXFileReference; includeInIndex = 1; lastKnownFileType = text.xcconfig; name = Pods.debug.xcconfig; path = "Pods/Target Support Files/Pods/Pods.debug.xcconfig"; sourceTree = "<group>"; };
/* End PBXFileReference section */

/* Begin PBXFrameworksBuildPhase section */
		7E9259081C61B65200F7F622 /* Frameworks */ = {
			isa = PBXFrameworksBuildPhase;
			buildActionMask = 2147483647;
			files = (
				7E7E10281C65ACB90001E5C4 /* QuartzCore.framework in Frameworks */,
				CA4A22B0EAC934BFA58468F2 /* libPods.a in Frameworks */,
			);
			runOnlyForDeploymentPostprocessing = 0;
		};
		7E92591F1C61B65200F7F622 /* Frameworks */ = {
			isa = PBXFrameworksBuildPhase;
			buildActionMask = 2147483647;
			files = (
			);
			runOnlyForDeploymentPostprocessing = 0;
		};
		7E92592A1C61B65200F7F622 /* Frameworks */ = {
			isa = PBXFrameworksBuildPhase;
			buildActionMask = 2147483647;
			files = (
			);
			runOnlyForDeploymentPostprocessing = 0;
		};
/* End PBXFrameworksBuildPhase section */

/* Begin PBXGroup section */
		7E9259021C61B65200F7F622 = {
			isa = PBXGroup;
			children = (
				7E92590D1C61B65200F7F622 /* Syllo */,
				7E9259251C61B65200F7F622 /* SylloTests */,
				7E9259301C61B65200F7F622 /* SylloUITests */,
				7E92590C1C61B65200F7F622 /* Products */,
				BE2F77B8731C8451867702FE /* Pods */,
				840A3A9DAAF0F69919690F4E /* Frameworks */,
			);
			sourceTree = "<group>";
		};
		7E92590C1C61B65200F7F622 /* Products */ = {
			isa = PBXGroup;
			children = (
				7E92590B1C61B65200F7F622 /* Syllo.app */,
				7E9259221C61B65200F7F622 /* SylloTests.xctest */,
				7E92592D1C61B65200F7F622 /* SylloUITests.xctest */,
			);
			name = Products;
			sourceTree = "<group>";
		};
		7E92590D1C61B65200F7F622 /* Syllo */ = {
			isa = PBXGroup;
			children = (
				7EC849121C67F50400A991FC /* testimage */,
				7E9259521C61BE2D00F7F622 /* lib */,
				7E9259401C61B87700F7F622 /* UICode */,
				7E92590E1C61B65200F7F622 /* AppDelegate.swift */,
				7E9259101C61B65200F7F622 /* ViewController.swift */,
				7E9259121C61B65200F7F622 /* Main.storyboard */,
				7E9259181C61B65200F7F622 /* Assets.xcassets */,
				7E92591A1C61B65200F7F622 /* LaunchScreen.storyboard */,
				7E92591D1C61B65200F7F622 /* Info.plist */,
				7E9259151C61B65200F7F622 /* Syllo.xcdatamodeld */,
			);
			path = Syllo;
			sourceTree = "<group>";
		};
		7E9259251C61B65200F7F622 /* SylloTests */ = {
			isa = PBXGroup;
			children = (
				7E9259261C61B65200F7F622 /* SylloTests.swift */,
				7E9259281C61B65200F7F622 /* Info.plist */,
			);
			path = SylloTests;
			sourceTree = "<group>";
		};
		7E9259301C61B65200F7F622 /* SylloUITests */ = {
			isa = PBXGroup;
			children = (
				7E9259311C61B65200F7F622 /* SylloUITests.swift */,
				7E9259331C61B65200F7F622 /* Info.plist */,
			);
			path = SylloUITests;
			sourceTree = "<group>";
		};
		7E9259401C61B87700F7F622 /* UICode */ = {
			isa = PBXGroup;
			children = (
				7E92594F1C61BD1600F7F622 /* UIMainFrame */,
				7E92594C1C61BBA000F7F622 /* UICommonSetting */,
				7E9259411C61B88700F7F622 /* UIHomePage */,
				7E9259421C61B91100F7F622 /* UIShowPage */,
				7E9259431C61B95200F7F622 /* UIMePage */,
			);
			name = UICode;
			sourceTree = "<group>";
		};
		7E9259411C61B88700F7F622 /* UIHomePage */ = {
			isa = PBXGroup;
			children = (
				7EC849011C67CF9900A991FC /* SHStoreInfo */,
				7E9259461C61BA6A00F7F622 /* SHTabHomePage.swift */,
				7E82C7F61C65C75000304E22 /* SHCollectionView.swift */,
				7E7E10251C65555B0001E5C4 /* SHStoreCell.swift */,
				7EC849061C67E82400A991FC /* SHStoreCardVIew.swift */,
			);
			name = UIHomePage;
			sourceTree = "<group>";
		};
		7E9259421C61B91100F7F622 /* UIShowPage */ = {
			isa = PBXGroup;
			children = (
				7E9259481C61BA9600F7F622 /* SHTabShowPage.swift */,
			);
			name = UIShowPage;
			sourceTree = "<group>";
		};
		7E9259431C61B95200F7F622 /* UIMePage */ = {
			isa = PBXGroup;
			children = (
				7E9259591C61BF8A00F7F622 /* SHTabMePage.swift */,
			);
			name = UIMePage;
			sourceTree = "<group>";
		};
		7E92594C1C61BBA000F7F622 /* UICommonSetting */ = {
			isa = PBXGroup;
			children = (
				7E92594D1C61BBE900F7F622 /* SHCommonSetting.swift */,
			);
			name = UICommonSetting;
			sourceTree = "<group>";
		};
		7E92594F1C61BD1600F7F622 /* UIMainFrame */ = {
			isa = PBXGroup;
			children = (
				7E9259501C61BD6700F7F622 /* SHMainFrame.swift */,
			);
			name = UIMainFrame;
			sourceTree = "<group>";
		};
		7E9259521C61BE2D00F7F622 /* lib */ = {
			isa = PBXGroup;
			children = (
				7E9259571C61BE8D00F7F622 /* SHColor.swift */,
				7E7E10221C654ECC0001E5C4 /* Syllo-Bridging-Header.h */,
			);
			name = lib;
			sourceTree = "<group>";
		};
		7EC849011C67CF9900A991FC /* SHStoreInfo */ = {
			isa = PBXGroup;
			children = (
				7EC849041C67D00B00A991FC /* SHStoreInfoView.swift */,
			);
			name = SHStoreInfo;
			sourceTree = "<group>";
		};
		7EC849121C67F50400A991FC /* testimage */ = {
			isa = PBXGroup;
			children = (
				7EC8490A1C67F4FB00A991FC /* dentist.jpg */,
				7EC8490B1C67F4FB00A991FC /* meijia.jpeg */,
				7EC8490C1C67F4FB00A991FC /* shoppers.jpg */,
				7EC8490D1C67F4FB00A991FC /* tatoo.jpg */,
				7EC849081C67EF6D00A991FC /* loblaws.jpg */,
			);
			name = testimage;
			sourceTree = "<group>";
		};
		840A3A9DAAF0F69919690F4E /* Frameworks */ = {
			isa = PBXGroup;
			children = (
				7E7E10271C65ACB90001E5C4 /* QuartzCore.framework */,
				31CAFE96EF6A7C6DBC4A5C16 /* libPods.a */,
			);
			name = Frameworks;
			sourceTree = "<group>";
		};
		BE2F77B8731C8451867702FE /* Pods */ = {
			isa = PBXGroup;
			children = (
				BEF67004262A3F0F486A201F /* Pods.debug.xcconfig */,
				A9AD473669A85336B621923E /* Pods.release.xcconfig */,
			);
			name = Pods;
			sourceTree = "<group>";
		};
/* End PBXGroup section */

/* Begin PBXNativeTarget section */
		7E92590A1C61B65200F7F622 /* Syllo */ = {
			isa = PBXNativeTarget;
			buildConfigurationList = 7E9259361C61B65200F7F622 /* Build configuration list for PBXNativeTarget "Syllo" */;
			buildPhases = (
				323870D31F989F4643646623 /* Check Pods Manifest.lock */,
				7E9259071C61B65200F7F622 /* Sources */,
				7E9259081C61B65200F7F622 /* Frameworks */,
				7E9259091C61B65200F7F622 /* Resources */,
				F5A526DF9584697FE4C707AF /* Copy Pods Resources */,
			);
			buildRules = (
			);
			dependencies = (
			);
			name = Syllo;
			productName = Syllo;
			productReference = 7E92590B1C61B65200F7F622 /* Syllo.app */;
			productType = "com.apple.product-type.application";
		};
		7E9259211C61B65200F7F622 /* SylloTests */ = {
			isa = PBXNativeTarget;
			buildConfigurationList = 7E9259391C61B65200F7F622 /* Build configuration list for PBXNativeTarget "SylloTests" */;
			buildPhases = (
				7E92591E1C61B65200F7F622 /* Sources */,
				7E92591F1C61B65200F7F622 /* Frameworks */,
				7E9259201C61B65200F7F622 /* Resources */,
			);
			buildRules = (
			);
			dependencies = (
				7E9259241C61B65200F7F622 /* PBXTargetDependency */,
			);
			name = SylloTests;
			productName = SylloTests;
			productReference = 7E9259221C61B65200F7F622 /* SylloTests.xctest */;
			productType = "com.apple.product-type.bundle.unit-test";
		};
		7E92592C1C61B65200F7F622 /* SylloUITests */ = {
			isa = PBXNativeTarget;
			buildConfigurationList = 7E92593C1C61B65200F7F622 /* Build configuration list for PBXNativeTarget "SylloUITests" */;
			buildPhases = (
				7E9259291C61B65200F7F622 /* Sources */,
				7E92592A1C61B65200F7F622 /* Frameworks */,
				7E92592B1C61B65200F7F622 /* Resources */,
			);
			buildRules = (
			);
			dependencies = (
				7E92592F1C61B65200F7F622 /* PBXTargetDependency */,
			);
			name = SylloUITests;
			productName = SylloUITests;
			productReference = 7E92592D1C61B65200F7F622 /* SylloUITests.xctest */;
			productType = "com.apple.product-type.bundle.ui-testing";
		};
/* End PBXNativeTarget section */

/* Begin PBXProject section */
		7E9259031C61B65200F7F622 /* Project object */ = {
			isa = PBXProject;
			attributes = {
				LastSwiftUpdateCheck = 0720;
				LastUpgradeCheck = 0720;
				ORGANIZATIONNAME = syllo;
				TargetAttributes = {
					7E92590A1C61B65200F7F622 = {
						CreatedOnToolsVersion = 7.2;
					};
					7E9259211C61B65200F7F622 = {
						CreatedOnToolsVersion = 7.2;
						TestTargetID = 7E92590A1C61B65200F7F622;
					};
					7E92592C1C61B65200F7F622 = {
						CreatedOnToolsVersion = 7.2;
						TestTargetID = 7E92590A1C61B65200F7F622;
					};
				};
			};
			buildConfigurationList = 7E9259061C61B65200F7F622 /* Build configuration list for PBXProject "Syllo" */;
			compatibilityVersion = "Xcode 3.2";
			developmentRegion = English;
			hasScannedForEncodings = 0;
			knownRegions = (
				en,
				Base,
			);
			mainGroup = 7E9259021C61B65200F7F622;
			productRefGroup = 7E92590C1C61B65200F7F622 /* Products */;
			projectDirPath = "";
			projectRoot = "";
			targets = (
				7E92590A1C61B65200F7F622 /* Syllo */,
				7E9259211C61B65200F7F622 /* SylloTests */,
				7E92592C1C61B65200F7F622 /* SylloUITests */,
			);
		};
/* End PBXProject section */

/* Begin PBXResourcesBuildPhase section */
		7E9259091C61B65200F7F622 /* Resources */ = {
			isa = PBXResourcesBuildPhase;
			buildActionMask = 2147483647;
			files = (
				7EC8490F1C67F4FC00A991FC /* meijia.jpeg in Resources */,
				7E92591C1C61B65200F7F622 /* LaunchScreen.storyboard in Resources */,
				7E9259191C61B65200F7F622 /* Assets.xcassets in Resources */,
				7EC849091C67EF6D00A991FC /* loblaws.jpg in Resources */,
				7EC849101C67F4FC00A991FC /* shoppers.jpg in Resources */,
				7E9259141C61B65200F7F622 /* Main.storyboard in Resources */,
				7EC8490E1C67F4FC00A991FC /* dentist.jpg in Resources */,
				7EC849111C67F4FC00A991FC /* tatoo.jpg in Resources */,
			);
			runOnlyForDeploymentPostprocessing = 0;
		};
		7E9259201C61B65200F7F622 /* Resources */ = {
			isa = PBXResourcesBuildPhase;
			buildActionMask = 2147483647;
			files = (
			);
			runOnlyForDeploymentPostprocessing = 0;
		};
		7E92592B1C61B65200F7F622 /* Resources */ = {
			isa = PBXResourcesBuildPhase;
			buildActionMask = 2147483647;
			files = (
			);
			runOnlyForDeploymentPostprocessing = 0;
		};
/* End PBXResourcesBuildPhase section */

/* Begin PBXShellScriptBuildPhase section */
		323870D31F989F4643646623 /* Check Pods Manifest.lock */ = {
			isa = PBXShellScriptBuildPhase;
			buildActionMask = 2147483647;
			files = (
			);
			inputPaths = (
			);
			name = "Check Pods Manifest.lock";
			outputPaths = (
			);
			runOnlyForDeploymentPostprocessing = 0;
			shellPath = /bin/sh;
			shellScript = "diff \"${PODS_ROOT}/../Podfile.lock\" \"${PODS_ROOT}/Manifest.lock\" > /dev/null\nif [[ $? != 0 ]] ; then\n    cat << EOM\nerror: The sandbox is not in sync with the Podfile.lock. Run 'pod install' or update your CocoaPods installation.\nEOM\n    exit 1\nfi\n";
			showEnvVarsInLog = 0;
		};
		F5A526DF9584697FE4C707AF /* Copy Pods Resources */ = {
			isa = PBXShellScriptBuildPhase;
			buildActionMask = 2147483647;
			files = (
			);
			inputPaths = (
			);
			name = "Copy Pods Resources";
			outputPaths = (
			);
			runOnlyForDeploymentPostprocessing = 0;
			shellPath = /bin/sh;
			shellScript = "\"${SRCROOT}/Pods/Target Support Files/Pods/Pods-resources.sh\"\n";
			showEnvVarsInLog = 0;
		};
/* End PBXShellScriptBuildPhase section */

/* Begin PBXSourcesBuildPhase section */
		7E9259071C61B65200F7F622 /* Sources */ = {
			isa = PBXSourcesBuildPhase;
			buildActionMask = 2147483647;
			files = (
				7E9259491C61BA9600F7F622 /* SHTabShowPage.swift in Sources */,
				7E9259111C61B65200F7F622 /* ViewController.swift in Sources */,
				7E9259171C61B65200F7F622 /* Syllo.xcdatamodeld in Sources */,
				7E82C7F71C65C75000304E22 /* SHCollectionView.swift in Sources */,
				7E92594E1C61BBE900F7F622 /* SHCommonSetting.swift in Sources */,
				7E9259471C61BA6A00F7F622 /* SHTabHomePage.swift in Sources */,
				7E92590F1C61B65200F7F622 /* AppDelegate.swift in Sources */,
				7EC849071C67E82400A991FC /* SHStoreCardVIew.swift in Sources */,
				7E7E10261C65555B0001E5C4 /* SHStoreCell.swift in Sources */,
				7E92595A1C61BF8A00F7F622 /* SHTabMePage.swift in Sources */,
				7E9259511C61BD6700F7F622 /* SHMainFrame.swift in Sources */,
				7E9259581C61BE8D00F7F622 /* SHColor.swift in Sources */,
				7EC849051C67D00B00A991FC /* SHStoreInfoView.swift in Sources */,
			);
			runOnlyForDeploymentPostprocessing = 0;
		};
		7E92591E1C61B65200F7F622 /* Sources */ = {
			isa = PBXSourcesBuildPhase;
			buildActionMask = 2147483647;
			files = (
				7E9259271C61B65200F7F622 /* SylloTests.swift in Sources */,
			);
			runOnlyForDeploymentPostprocessing = 0;
		};
		7E9259291C61B65200F7F622 /* Sources */ = {
			isa = PBXSourcesBuildPhase;
			buildActionMask = 2147483647;
			files = (
				7E9259321C61B65200F7F622 /* SylloUITests.swift in Sources */,
			);
			runOnlyForDeploymentPostprocessing = 0;
		};
/* End PBXSourcesBuildPhase section */

/* Begin PBXTargetDependency section */
		7E9259241C61B65200F7F622 /* PBXTargetDependency */ = {
			isa = PBXTargetDependency;
			target = 7E92590A1C61B65200F7F622 /* Syllo */;
			targetProxy = 7E9259231C61B65200F7F622 /* PBXContainerItemProxy */;
		};
		7E92592F1C61B65200F7F622 /* PBXTargetDependency */ = {
			isa = PBXTargetDependency;
			target = 7E92590A1C61B65200F7F622 /* Syllo */;
			targetProxy = 7E92592E1C61B65200F7F622 /* PBXContainerItemProxy */;
		};
/* End PBXTargetDependency section */

/* Begin PBXVariantGroup section */
		7E9259121C61B65200F7F622 /* Main.storyboard */ = {
			isa = PBXVariantGroup;
			children = (
				7E9259131C61B65200F7F622 /* Base */,
			);
			name = Main.storyboard;
			sourceTree = "<group>";
		};
		7E92591A1C61B65200F7F622 /* LaunchScreen.storyboard */ = {
			isa = PBXVariantGroup;
			children = (
				7E92591B1C61B65200F7F622 /* Base */,
			);
			name = LaunchScreen.storyboard;
			sourceTree = "<group>";
		};
/* End PBXVariantGroup section */

/* Begin XCBuildConfiguration section */
		7E9259341C61B65200F7F622 /* Debug */ = {
			isa = XCBuildConfiguration;
			buildSettings = {
				ALWAYS_SEARCH_USER_PATHS = NO;
				CLANG_CXX_LANGUAGE_STANDARD = "gnu++0x";
				CLANG_CXX_LIBRARY = "libc++";
				CLANG_ENABLE_MODULES = YES;
				CLANG_ENABLE_OBJC_ARC = YES;
				CLANG_WARN_BOOL_CONVERSION = YES;
				CLANG_WARN_CONSTANT_CONVERSION = YES;
				CLANG_WARN_DIRECT_OBJC_ISA_USAGE = YES_ERROR;
				CLANG_WARN_EMPTY_BODY = YES;
				CLANG_WARN_ENUM_CONVERSION = YES;
				CLANG_WARN_INT_CONVERSION = YES;
				CLANG_WARN_OBJC_ROOT_CLASS = YES_ERROR;
				CLANG_WARN_UNREACHABLE_CODE = YES;
				CLANG_WARN__DUPLICATE_METHOD_MATCH = YES;
				"CODE_SIGN_IDENTITY[sdk=iphoneos*]" = "iPhone Developer";
				COPY_PHASE_STRIP = NO;
				DEBUG_INFORMATION_FORMAT = dwarf;
				ENABLE_STRICT_OBJC_MSGSEND = YES;
				ENABLE_TESTABILITY = YES;
				GCC_C_LANGUAGE_STANDARD = gnu99;
				GCC_DYNAMIC_NO_PIC = NO;
				GCC_NO_COMMON_BLOCKS = YES;
				GCC_OPTIMIZATION_LEVEL = 0;
				GCC_PREPROCESSOR_DEFINITIONS = (
					"DEBUG=1",
					"$(inherited)",
				);
				GCC_WARN_64_TO_32_BIT_CONVERSION = YES;
				GCC_WARN_ABOUT_RETURN_TYPE = YES_ERROR;
				GCC_WARN_UNDECLARED_SELECTOR = YES;
				GCC_WARN_UNINITIALIZED_AUTOS = YES_AGGRESSIVE;
				GCC_WARN_UNUSED_FUNCTION = YES;
				GCC_WARN_UNUSED_VARIABLE = YES;
				IPHONEOS_DEPLOYMENT_TARGET = 9.2;
				MTL_ENABLE_DEBUG_INFO = YES;
				ONLY_ACTIVE_ARCH = YES;
				SDKROOT = iphoneos;
				SWIFT_OPTIMIZATION_LEVEL = "-Onone";
				TARGETED_DEVICE_FAMILY = "1,2";
			};
			name = Debug;
		};
		7E9259351C61B65200F7F622 /* Release */ = {
			isa = XCBuildConfiguration;
			buildSettings = {
				ALWAYS_SEARCH_USER_PATHS = NO;
				CLANG_CXX_LANGUAGE_STANDARD = "gnu++0x";
				CLANG_CXX_LIBRARY = "libc++";
				CLANG_ENABLE_MODULES = YES;
				CLANG_ENABLE_OBJC_ARC = YES;
				CLANG_WARN_BOOL_CONVERSION = YES;
				CLANG_WARN_CONSTANT_CONVERSION = YES;
				CLANG_WARN_DIRECT_OBJC_ISA_USAGE = YES_ERROR;
				CLANG_WARN_EMPTY_BODY = YES;
				CLANG_WARN_ENUM_CONVERSION = YES;
				CLANG_WARN_INT_CONVERSION = YES;
				CLANG_WARN_OBJC_ROOT_CLASS = YES_ERROR;
				CLANG_WARN_UNREACHABLE_CODE = YES;
				CLANG_WARN__DUPLICATE_METHOD_MATCH = YES;
				"CODE_SIGN_IDENTITY[sdk=iphoneos*]" = "iPhone Developer";
				COPY_PHASE_STRIP = NO;
				DEBUG_INFORMATION_FORMAT = "dwarf-with-dsym";
				ENABLE_NS_ASSERTIONS = NO;
				ENABLE_STRICT_OBJC_MSGSEND = YES;
				GCC_C_LANGUAGE_STANDARD = gnu99;
				GCC_NO_COMMON_BLOCKS = YES;
				GCC_WARN_64_TO_32_BIT_CONVERSION = YES;
				GCC_WARN_ABOUT_RETURN_TYPE = YES_ERROR;
				GCC_WARN_UNDECLARED_SELECTOR = YES;
				GCC_WARN_UNINITIALIZED_AUTOS = YES_AGGRESSIVE;
				GCC_WARN_UNUSED_FUNCTION = YES;
				GCC_WARN_UNUSED_VARIABLE = YES;
				IPHONEOS_DEPLOYMENT_TARGET = 9.2;
				MTL_ENABLE_DEBUG_INFO = NO;
				SDKROOT = iphoneos;
				TARGETED_DEVICE_FAMILY = "1,2";
				VALIDATE_PRODUCT = YES;
			};
			name = Release;
		};
		7E9259371C61B65200F7F622 /* Debug */ = {
			isa = XCBuildConfiguration;
			baseConfigurationReference = BEF67004262A3F0F486A201F /* Pods.debug.xcconfig */;
			buildSettings = {
				ASSETCATALOG_COMPILER_APPICON_NAME = AppIcon;
				CLANG_ENABLE_MODULES = YES;
				INFOPLIST_FILE = Syllo/Info.plist;
				IPHONEOS_DEPLOYMENT_TARGET = 7.0;
				LD_RUNPATH_SEARCH_PATHS = "$(inherited) @executable_path/Frameworks";
				PRODUCT_BUNDLE_IDENTIFIER = com.shawn.Syllo;
				PRODUCT_NAME = "$(TARGET_NAME)";
				SWIFT_OBJC_BRIDGING_HEADER = "Syllo/Syllo-Bridging-Header.h";
				SWIFT_OPTIMIZATION_LEVEL = "-Onone";
			};
			name = Debug;
		};
		7E9259381C61B65200F7F622 /* Release */ = {
			isa = XCBuildConfiguration;
			baseConfigurationReference = A9AD473669A85336B621923E /* Pods.release.xcconfig */;
			buildSettings = {
				ASSETCATALOG_COMPILER_APPICON_NAME = AppIcon;
				CLANG_ENABLE_MODULES = YES;
				INFOPLIST_FILE = Syllo/Info.plist;
				IPHONEOS_DEPLOYMENT_TARGET = 7.0;
				LD_RUNPATH_SEARCH_PATHS = "$(inherited) @executable_path/Frameworks";
				PRODUCT_BUNDLE_IDENTIFIER = com.shawn.Syllo;
				PRODUCT_NAME = "$(TARGET_NAME)";
				SWIFT_OBJC_BRIDGING_HEADER = "Syllo/Syllo-Bridging-Header.h";
			};
			name = Release;
		};
		7E92593A1C61B65200F7F622 /* Debug */ = {
			isa = XCBuildConfiguration;
			buildSettings = {
				BUNDLE_LOADER = "$(TEST_HOST)";
				INFOPLIST_FILE = SylloTests/Info.plist;
				LD_RUNPATH_SEARCH_PATHS = "$(inherited) @executable_path/Frameworks @loader_path/Frameworks";
				PRODUCT_BUNDLE_IDENTIFIER = com.shawn.SylloTests;
				PRODUCT_NAME = "$(TARGET_NAME)";
				TEST_HOST = "$(BUILT_PRODUCTS_DIR)/Syllo.app/Syllo";
			};
			name = Debug;
		};
		7E92593B1C61B65200F7F622 /* Release */ = {
			isa = XCBuildConfiguration;
			buildSettings = {
				BUNDLE_LOADER = "$(TEST_HOST)";
				INFOPLIST_FILE = SylloTests/Info.plist;
				LD_RUNPATH_SEARCH_PATHS = "$(inherited) @executable_path/Frameworks @loader_path/Frameworks";
				PRODUCT_BUNDLE_IDENTIFIER = com.shawn.SylloTests;
				PRODUCT_NAME = "$(TARGET_NAME)";
				TEST_HOST = "$(BUILT_PRODUCTS_DIR)/Syllo.app/Syllo";
			};
			name = Release;
		};
		7E92593D1C61B65200F7F622 /* Debug */ = {
			isa = XCBuildConfiguration;
			buildSettings = {
				INFOPLIST_FILE = SylloUITests/Info.plist;
				LD_RUNPATH_SEARCH_PATHS = "$(inherited) @executable_path/Frameworks @loader_path/Frameworks";
				PRODUCT_BUNDLE_IDENTIFIER = com.shawn.SylloUITests;
				PRODUCT_NAME = "$(TARGET_NAME)";
				TEST_TARGET_NAME = Syllo;
				USES_XCTRUNNER = YES;
			};
			name = Debug;
		};
		7E92593E1C61B65200F7F622 /* Release */ = {
			isa = XCBuildConfiguration;
			buildSettings = {
				INFOPLIST_FILE = SylloUITests/Info.plist;
				LD_RUNPATH_SEARCH_PATHS = "$(inherited) @executable_path/Frameworks @loader_path/Frameworks";
				PRODUCT_BUNDLE_IDENTIFIER = com.shawn.SylloUITests;
				PRODUCT_NAME = "$(TARGET_NAME)";
				TEST_TARGET_NAME = Syllo;
				USES_XCTRUNNER = YES;
			};
			name = Release;
		};
/* End XCBuildConfiguration section */

/* Begin XCConfigurationList section */
		7E9259061C61B65200F7F622 /* Build configuration list for PBXProject "Syllo" */ = {
			isa = XCConfigurationList;
			buildConfigurations = (
				7E9259341C61B65200F7F622 /* Debug */,
				7E9259351C61B65200F7F622 /* Release */,
			);
			defaultConfigurationIsVisible = 0;
			defaultConfigurationName = Release;
		};
		7E9259361C61B65200F7F622 /* Build configuration list for PBXNativeTarget "Syllo" */ = {
			isa = XCConfigurationList;
			buildConfigurations = (
				7E9259371C61B65200F7F622 /* Debug */,
				7E9259381C61B65200F7F622 /* Release */,
			);
			defaultConfigurationIsVisible = 0;
			defaultConfigurationName = Release;
		};
		7E9259391C61B65200F7F622 /* Build configuration list for PBXNativeTarget "SylloTests" */ = {
			isa = XCConfigurationList;
			buildConfigurations = (
				7E92593A1C61B65200F7F622 /* Debug */,
				7E92593B1C61B65200F7F622 /* Release */,
			);
			defaultConfigurationIsVisible = 0;
			defaultConfigurationName = Release;
		};
		7E92593C1C61B65200F7F622 /* Build configuration list for PBXNativeTarget "SylloUITests" */ = {
			isa = XCConfigurationList;
			buildConfigurations = (
				7E92593D1C61B65200F7F622 /* Debug */,
				7E92593E1C61B65200F7F622 /* Release */,
			);
			defaultConfigurationIsVisible = 0;
			defaultConfigurationName = Release;
		};
/* End XCConfigurationList section */

/* Begin XCVersionGroup section */
		7E9259151C61B65200F7F622 /* Syllo.xcdatamodeld */ = {
			isa = XCVersionGroup;
			children = (
				7E9259161C61B65200F7F622 /* Syllo.xcdatamodel */,
			);
			currentVersion = 7E9259161C61B65200F7F622 /* Syllo.xcdatamodel */;
			path = Syllo.xcdatamodeld;
			sourceTree = "<group>";
			versionGroupType = wrapper.xcdatamodel;
		};
/* End XCVersionGroup section */
	};
	rootObject = 7E9259031C61B65200F7F622 /* Project object */;
}
